
Microsoft Visual Studio Solution File, Format Version 12.00
# Visual Studio Version 16
VisualStudioVersion = 16.0.33027.164
MinimumVisualStudioVersion = 10.0.40219.1
Project("{FAE04EC0-301F-11D3-BF4B-00C04F79EFBC}") = "Teste-1809", "Teste-1809.csproj", "{6DE53419-6800-4712-8912-50AFA3A6F796}"
EndProject
Global
	GlobalSection(SolutionConfigurationPlatforms) = preSolution
		Debug|Any CPU = Debug|Any CPU
		Release|Any CPU = Release|Any CPU
	EndGlobalSection
	GlobalSection(ProjectConfigurationPlatforms) = postSolution
		{6DE53419-6800-4712-8912-50AFA3A6F796}.Debug|Any CPU.ActiveCfg = Debug|Any CPU
		{6DE53419-6800-4712-8912-50AFA3A6F796}.Debug|Any CPU.Build.0 = Debug|Any CPU
		{6DE53419-6800-4712-8912-50AFA3A6F796}.Release|Any CPU.ActiveCfg = Release|Any CPU
		{6DE53419-6800-4712-8912-50AFA3A6F796}.Release|Any CPU.Build.0 = Release|Any CPU
	EndGlobalSection
	GlobalSection(SolutionProperties) = preSolution
		HideSolutionNode = FALSE
	EndGlobalSection
	GlobalSection(ExtensibilityGlobals) = postSolution
		SolutionGuid = {4FAEE983-051D-412A-A78B-4179D3B271CA}
	EndGlobalSection
EndGlobal
